
Microsoft Visual Studio Solution File, Format Version 12.00
# Visual Studio Version 17
VisualStudioVersion = 17.14.36811.4
MinimumVisualStudioVersion = 10.0.40219.1
Project("{FAE04EC0-301F-11D3-BF4B-00C04F79EFBC}") = "Ovi", "Pelikehitys olio-ohjelmointi\Ovi.csproj", "{CD2C8C73-E2DF-445A-972A-AEB9DD0D004C}"
EndProject
Project("{FAE04EC0-301F-11D3-BF4B-00C04F79EFBC}") = "RuokaAnnosGeneraattori", "Ruoka annos\RuokaAnnosGeneraattori.csproj", "{1C863C62-5D8C-4140-AF8D-FA202E8AA0D9}"
EndProject
Project("{FAE04EC0-301F-11D3-BF4B-00C04F79EFBC}") = "NuoliaKaupan", "NuoliaKaupan\NuoliaKaupan.csproj", "{3C93C8D6-4E4B-4C79-A8D5-BD646835122C}"
EndProject
Global
	GlobalSection(SolutionConfigurationPlatforms) = preSolution
		Debug|Any CPU = Debug|Any CPU
		Release|Any CPU = Release|Any CPU
	EndGlobalSection
	GlobalSection(ProjectConfigurationPlatforms) = postSolution
		{CD2C8C73-E2DF-445A-972A-AEB9DD0D004C}.Debug|Any CPU.ActiveCfg = Debug|Any CPU
		{CD2C8C73-E2DF-445A-972A-AEB9DD0D004C}.Debug|Any CPU.Build.0 = Debug|Any CPU
		{CD2C8C73-E2DF-445A-972A-AEB9DD0D004C}.Release|Any CPU.ActiveCfg = Release|Any CPU
		{CD2C8C73-E2DF-445A-972A-AEB9DD0D004C}.Release|Any CPU.Build.0 = Release|Any CPU
		{1C863C62-5D8C-4140-AF8D-FA202E8AA0D9}.Debug|Any CPU.ActiveCfg = Debug|Any CPU
		{1C863C62-5D8C-4140-AF8D-FA202E8AA0D9}.Debug|Any CPU.Build.0 = Debug|Any CPU
		{1C863C62-5D8C-4140-AF8D-FA202E8AA0D9}.Release|Any CPU.ActiveCfg = Release|Any CPU
		{1C863C62-5D8C-4140-AF8D-FA202E8AA0D9}.Release|Any CPU.Build.0 = Release|Any CPU
		{3C93C8D6-4E4B-4C79-A8D5-BD646835122C}.Debug|Any CPU.ActiveCfg = Debug|Any CPU
		{3C93C8D6-4E4B-4C79-A8D5-BD646835122C}.Debug|Any CPU.Build.0 = Debug|Any CPU
		{3C93C8D6-4E4B-4C79-A8D5-BD646835122C}.Release|Any CPU.ActiveCfg = Release|Any CPU
		{3C93C8D6-4E4B-4C79-A8D5-BD646835122C}.Release|Any CPU.Build.0 = Release|Any CPU
	EndGlobalSection
	GlobalSection(SolutionProperties) = preSolution
		HideSolutionNode = FALSE
	EndGlobalSection
	GlobalSection(ExtensibilityGlobals) = postSolution
		SolutionGuid = {95F8A7B1-817F-4E2E-8F0E-93D762425B55}
	EndGlobalSection
EndGlobal
